// !$*UTF8*$!
{
	archiveVersion = 1;
	classes = {
	};
	objectVersion = 46;
	objects = {

/* Begin PBXBuildFile section */
		AEF9D3B51D78FFD300EF59B2 /* AppDelegate.swift in Sources */ = {isa = PBXBuildFile; fileRef = AEF9D3B41D78FFD300EF59B2 /* AppDelegate.swift */; };
		AEF9D3B71D78FFD300EF59B2 /* ViewController.swift in Sources */ = {isa = PBXBuildFile; fileRef = AEF9D3B61D78FFD300EF59B2 /* ViewController.swift */; };
		AEF9D3BA1D78FFD300EF59B2 /* Main.storyboard in Resources */ = {isa = PBXBuildFile; fileRef = AEF9D3B81D78FFD300EF59B2 /* Main.storyboard */; };
		AEF9D3BC1D78FFD300EF59B2 /* Assets.xcassets in Resources */ = {isa = PBXBuildFile; fileRef = AEF9D3BB1D78FFD300EF59B2 /* Assets.xcassets */; };
		AEF9D3BF1D78FFD300EF59B2 /* LaunchScreen.storyboard in Resources */ = {isa = PBXBuildFile; fileRef = AEF9D3BD1D78FFD300EF59B2 /* LaunchScreen.storyboard */; };
		AEF9D3CA1D78FFD300EF59B2 /* SecondKadaiAppTests.swift in Sources */ = {isa = PBXBuildFile; fileRef = AEF9D3C91D78FFD300EF59B2 /* SecondKadaiAppTests.swift */; };
		AEF9D3D51D78FFD300EF59B2 /* SecondKadaiAppUITests.swift in Sources */ = {isa = PBXBuildFile; fileRef = AEF9D3D41D78FFD300EF59B2 /* SecondKadaiAppUITests.swift */; };
/* End PBXBuildFile section */

/* Begin PBXContainerItemProxy section */
		AEF9D3C61D78FFD300EF59B2 /* PBXContainerItemProxy */ = {
			isa = PBXContainerItemProxy;
			containerPortal = AEF9D3A91D78FFD300EF59B2 /* Project object */;
			proxyType = 1;
			remoteGlobalIDString = AEF9D3B01D78FFD300EF59B2;
			remoteInfo = SecondKadaiApp;
		};
		AEF9D3D11D78FFD300EF59B2 /* PBXContainerItemProxy */ = {
			isa = PBXContainerItemProxy;
			containerPortal = AEF9D3A91D78FFD300EF59B2 /* Project object */;
			proxyType = 1;
			remoteGlobalIDString = AEF9D3B01D78FFD300EF59B2;
			remoteInfo = SecondKadaiApp;
		};
/* End PBXContainerItemProxy section */

/* Begin PBXFileReference section */
		AEF9D3B11D78FFD300EF59B2 /* SecondKadaiApp.app */ = {isa = PBXFileReference; explicitFileType = wrapper.application; includeInIndex = 0; path = SecondKadaiApp.app; sourceTree = BUILT_PRODUCTS_DIR; };
		AEF9D3B41D78FFD300EF59B2 /* AppDelegate.swift */ = {isa = PBXFileReference; lastKnownFileType = sourcecode.swift; path = AppDelegate.swift; sourceTree = "<group>"; };
		AEF9D3B61D78FFD300EF59B2 /* ViewController.swift */ = {isa = PBXFileReference; lastKnownFileType = sourcecode.swift; path = ViewController.swift; sourceTree = "<group>"; };
		AEF9D3B91D78FFD300EF59B2 /* Base */ = {isa = PBXFileReference; lastKnownFileType = file.storyboard; name = Base; path = Base.lproj/Main.storyboard; sourceTree = "<group>"; };
		AEF9D3BB1D78FFD300EF59B2 /* Assets.xcassets */ = {isa = PBXFileReference; lastKnownFileType = folder.assetcatalog; path = Assets.xcassets; sourceTree = "<group>"; };
		AEF9D3BE1D78FFD300EF59B2 /* Base */ = {isa = PBXFileReference; lastKnownFileType = file.storyboard; name = Base; path = Base.lproj/LaunchScreen.storyboard; sourceTree = "<group>"; };
		AEF9D3C01D78FFD300EF59B2 /* Info.plist */ = {isa = PBXFileReference; lastKnownFileType = text.plist.xml; path = Info.plist; sourceTree = "<group>"; };
		AEF9D3C51D78FFD300EF59B2 /* SecondKadaiAppTests.xctest */ = {isa = PBXFileReference; explicitFileType = wrapper.cfbundle; includeInIndex = 0; path = SecondKadaiAppTests.xctest; sourceTree = BUILT_PRODUCTS_DIR; };
		AEF9D3C91D78FFD300EF59B2 /* SecondKadaiAppTests.swift */ = {isa = PBXFileReference; lastKnownFileType = sourcecode.swift; path = SecondKadaiAppTests.swift; sourceTree = "<group>"; };
		AEF9D3CB1D78FFD300EF59B2 /* Info.plist */ = {isa = PBXFileReference; lastKnownFileType = text.plist.xml; path = Info.plist; sourceTree = "<group>"; };
		AEF9D3D01D78FFD300EF59B2 /* SecondKadaiAppUITests.xctest */ = {isa = PBXFileReference; explicitFileType = wrapper.cfbundle; includeInIndex = 0; path = SecondKadaiAppUITests.xctest; sourceTree = BUILT_PRODUCTS_DIR; };
		AEF9D3D41D78FFD300EF59B2 /* SecondKadaiAppUITests.swift */ = {isa = PBXFileReference; lastKnownFileType = sourcecode.swift; path = SecondKadaiAppUITests.swift; sourceTree = "<group>"; };
		AEF9D3D61D78FFD300EF59B2 /* Info.plist */ = {isa = PBXFileReference; lastKnownFileType = text.plist.xml; path = Info.plist; sourceTree = "<group>"; };
/* End PBXFileReference section */

/* Begin PBXFrameworksBuildPhase section */
		AEF9D3AE1D78FFD300EF59B2 /* Frameworks */ = {
			isa = PBXFrameworksBuildPhase;
			buildActionMask = 2147483647;
			files = (
			);
			runOnlyForDeploymentPostprocessing = 0;
		};
		AEF9D3C21D78FFD300EF59B2 /* Frameworks */ = {
			isa = PBXFrameworksBuildPhase;
			buildActionMask = 2147483647;
			files = (
			);
			runOnlyForDeploymentPostprocessing = 0;
		};
		AEF9D3CD1D78FFD300EF59B2 /* Frameworks */ = {
			isa = PBXFrameworksBuildPhase;
			buildActionMask = 2147483647;
			files = (
			);
			runOnlyForDeploymentPostprocessing = 0;
		};
/* End PBXFrameworksBuildPhase section */

/* Begin PBXGroup section */
		AEF9D3A81D78FFD300EF59B2 = {
			isa = PBXGroup;
			children = (
				AEF9D3B31D78FFD300EF59B2 /* SecondKadaiApp */,
				AEF9D3C81D78FFD300EF59B2 /* SecondKadaiAppTests */,
				AEF9D3D31D78FFD300EF59B2 /* SecondKadaiAppUITests */,
				AEF9D3B21D78FFD300EF59B2 /* Products */,
			);
			sourceTree = "<group>";
		};
		AEF9D3B21D78FFD300EF59B2 /* Products */ = {
			isa = PBXGroup;
			children = (
				AEF9D3B11D78FFD300EF59B2 /* SecondKadaiApp.app */,
				AEF9D3C51D78FFD300EF59B2 /* SecondKadaiAppTests.xctest */,
				AEF9D3D01D78FFD300EF59B2 /* SecondKadaiAppUITests.xctest */,
			);
			name = Products;
			sourceTree = "<group>";
		};
		AEF9D3B31D78FFD300EF59B2 /* SecondKadaiApp */ = {
			isa = PBXGroup;
			children = (
				AEF9D3B41D78FFD300EF59B2 /* AppDelegate.swift */,
				AEF9D3B61D78FFD300EF59B2 /* ViewController.swift */,
				AEF9D3B81D78FFD300EF59B2 /* Main.storyboard */,
				AEF9D3BB1D78FFD300EF59B2 /* Assets.xcassets */,
				AEF9D3BD1D78FFD300EF59B2 /* LaunchScreen.storyboard */,
				AEF9D3C01D78FFD300EF59B2 /* Info.plist */,
			);
			path = SecondKadaiApp;
			sourceTree = "<group>";
		};
		AEF9D3C81D78FFD300EF59B2 /* SecondKadaiAppTests */ = {
			isa = PBXGroup;
			children = (
				AEF9D3C91D78FFD300EF59B2 /* SecondKadaiAppTests.swift */,
				AEF9D3CB1D78FFD300EF59B2 /* Info.plist */,
			);
			path = SecondKadaiAppTests;
			sourceTree = "<group>";
		};
		AEF9D3D31D78FFD300EF59B2 /* SecondKadaiAppUITests */ = {
			isa = PBXGroup;
			children = (
				AEF9D3D41D78FFD300EF59B2 /* SecondKadaiAppUITests.swift */,
				AEF9D3D61D78FFD300EF59B2 /* Info.plist */,
			);
			path = SecondKadaiAppUITests;
			sourceTree = "<group>";
		};
/* End PBXGroup section */

/* Begin PBXNativeTarget section */
		AEF9D3B01D78FFD300EF59B2 /* SecondKadaiApp */ = {
			isa = PBXNativeTarget;
			buildConfigurationList = AEF9D3D91D78FFD300EF59B2 /* Build configuration list for PBXNativeTarget "SecondKadaiApp" */;
			buildPhases = (
				AEF9D3AD1D78FFD300EF59B2 /* Sources */,
				AEF9D3AE1D78FFD300EF59B2 /* Frameworks */,
				AEF9D3AF1D78FFD300EF59B2 /* Resources */,
			);
			buildRules = (
			);
			dependencies = (
			);
			name = SecondKadaiApp;
			productName = SecondKadaiApp;
			productReference = AEF9D3B11D78FFD300EF59B2 /* SecondKadaiApp.app */;
			productType = "com.apple.product-type.application";
		};
		AEF9D3C41D78FFD300EF59B2 /* SecondKadaiAppTests */ = {
			isa = PBXNativeTarget;
			buildConfigurationList = AEF9D3DC1D78FFD300EF59B2 /* Build configuration list for PBXNativeTarget "SecondKadaiAppTests" */;
			buildPhases = (
				AEF9D3C11D78FFD300EF59B2 /* Sources */,
				AEF9D3C21D78FFD300EF59B2 /* Frameworks */,
				AEF9D3C31D78FFD300EF59B2 /* Resources */,
			);
			buildRules = (
			);
			dependencies = (
				AEF9D3C71D78FFD300EF59B2 /* PBXTargetDependency */,
			);
			name = SecondKadaiAppTests;
			productName = SecondKadaiAppTests;
			productReference = AEF9D3C51D78FFD300EF59B2 /* SecondKadaiAppTests.xctest */;
			productType = "com.apple.product-type.bundle.unit-test";
		};
		AEF9D3CF1D78FFD300EF59B2 /* SecondKadaiAppUITests */ = {
			isa = PBXNativeTarget;
			buildConfigurationList = AEF9D3DF1D78FFD300EF59B2 /* Build configuration list for PBXNativeTarget "SecondKadaiAppUITests" */;
			buildPhases = (
				AEF9D3CC1D78FFD300EF59B2 /* Sources */,
				AEF9D3CD1D78FFD300EF59B2 /* Frameworks */,
				AEF9D3CE1D78FFD300EF59B2 /* Resources */,
			);
			buildRules = (
			);
			dependencies = (
				AEF9D3D21D78FFD300EF59B2 /* PBXTargetDependency */,
			);
			name = SecondKadaiAppUITests;
			productName = SecondKadaiAppUITests;
			productReference = AEF9D3D01D78FFD300EF59B2 /* SecondKadaiAppUITests.xctest */;
			productType = "com.apple.product-type.bundle.ui-testing";
		};
/* End PBXNativeTarget section */

/* Begin PBXProject section */
		AEF9D3A91D78FFD300EF59B2 /* Project object */ = {
			isa = PBXProject;
			attributes = {
				LastSwiftUpdateCheck = 0730;
				LastUpgradeCheck = 0730;
				ORGANIZATIONNAME = tooru.satodate;
				TargetAttributes = {
					AEF9D3B01D78FFD300EF59B2 = {
						CreatedOnToolsVersion = 7.3.1;
					};
					AEF9D3C41D78FFD300EF59B2 = {
						CreatedOnToolsVersion = 7.3.1;
						TestTargetID = AEF9D3B01D78FFD300EF59B2;
					};
					AEF9D3CF1D78FFD300EF59B2 = {
						CreatedOnToolsVersion = 7.3.1;
						TestTargetID = AEF9D3B01D78FFD300EF59B2;
					};
				};
			};
			buildConfigurationList = AEF9D3AC1D78FFD300EF59B2 /* Build configuration list for PBXProject "SecondKadaiApp" */;
			compatibilityVersion = "Xcode 3.2";
			developmentRegion = English;
			hasScannedForEncodings = 0;
			knownRegions = (
				en,
				Base,
			);
			mainGroup = AEF9D3A81D78FFD300EF59B2;
			productRefGroup = AEF9D3B21D78FFD300EF59B2 /* Products */;
			projectDirPath = "";
			projectRoot = "";
			targets = (
				AEF9D3B01D78FFD300EF59B2 /* SecondKadaiApp */,
				AEF9D3C41D78FFD300EF59B2 /* SecondKadaiAppTests */,
				AEF9D3CF1D78FFD300EF59B2 /* SecondKadaiAppUITests */,
			);
		};
/* End PBXProject section */

/* Begin PBXResourcesBuildPhase section */
		AEF9D3AF1D78FFD300EF59B2 /* Resources */ = {
			isa = PBXResourcesBuildPhase;
			buildActionMask = 2147483647;
			files = (
				AEF9D3BF1D78FFD300EF59B2 /* LaunchScreen.storyboard in Resources */,
				AEF9D3BC1D78FFD300EF59B2 /* Assets.xcassets in Resources */,
				AEF9D3BA1D78FFD300EF59B2 /* Main.storyboard in Resources */,
			);
			runOnlyForDeploymentPostprocessing = 0;
		};
		AEF9D3C31D78FFD300EF59B2 /* Resources */ = {
			isa = PBXResourcesBuildPhase;
			buildActionMask = 2147483647;
			files = (
			);
			runOnlyForDeploymentPostprocessing = 0;
		};
		AEF9D3CE1D78FFD300EF59B2 /* Resources */ = {
			isa = PBXResourcesBuildPhase;
			buildActionMask = 2147483647;
			files = (
			);
			runOnlyForDeploymentPostprocessing = 0;
		};
/* End PBXResourcesBuildPhase section */

/* Begin PBXSourcesBuildPhase section */
		AEF9D3AD1D78FFD300EF59B2 /* Sources */ = {
			isa = PBXSourcesBuildPhase;
			buildActionMask = 2147483647;
			files = (
				AEF9D3B71D78FFD300EF59B2 /* ViewController.swift in Sources */,
				AEF9D3B51D78FFD300EF59B2 /* AppDelegate.swift in Sources */,
			);
			runOnlyForDeploymentPostprocessing = 0;
		};
		AEF9D3C11D78FFD300EF59B2 /* Sources */ = {
			isa = PBXSourcesBuildPhase;
			buildActionMask = 2147483647;
			files = (
				AEF9D3CA1D78FFD300EF59B2 /* SecondKadaiAppTests.swift in Sources */,
			);
			runOnlyForDeploymentPostprocessing = 0;
		};
		AEF9D3CC1D78FFD300EF59B2 /* Sources */ = {
			isa = PBXSourcesBuildPhase;
			buildActionMask = 2147483647;
			files = (
				AEF9D3D51D78FFD300EF59B2 /* SecondKadaiAppUITests.swift in Sources */,
			);
			runOnlyForDeploymentPostprocessing = 0;
		};
/* End PBXSourcesBuildPhase section */

/* Begin PBXTargetDependency section */
		AEF9D3C71D78FFD300EF59B2 /* PBXTargetDependency */ = {
			isa = PBXTargetDependency;
			target = AEF9D3B01D78FFD300EF59B2 /* SecondKadaiApp */;
			targetProxy = AEF9D3C61D78FFD300EF59B2 /* PBXContainerItemProxy */;
		};
		AEF9D3D21D78FFD300EF59B2 /* PBXTargetDependency */ = {
			isa = PBXTargetDependency;
			target = AEF9D3B01D78FFD300EF59B2 /* SecondKadaiApp */;
			targetProxy = AEF9D3D11D78FFD300EF59B2 /* PBXContainerItemProxy */;
		};
/* End PBXTargetDependency section */

/* Begin PBXVariantGroup section */
		AEF9D3B81D78FFD300EF59B2 /* Main.storyboard */ = {
			isa = PBXVariantGroup;
			children = (
				AEF9D3B91D78FFD300EF59B2 /* Base */,
			);
			name = Main.storyboard;
			sourceTree = "<group>";
		};
		AEF9D3BD1D78FFD300EF59B2 /* LaunchScreen.storyboard */ = {
			isa = PBXVariantGroup;
			children = (
				AEF9D3BE1D78FFD300EF59B2 /* Base */,
			);
			name = LaunchScreen.storyboard;
			sourceTree = "<group>";
		};
/* End PBXVariantGroup section */

/* Begin XCBuildConfiguration section */
		AEF9D3D71D78FFD300EF59B2 /* Debug */ = {
			isa = XCBuildConfiguration;
			buildSettings = {
				ALWAYS_SEARCH_USER_PATHS = NO;
				CLANG_ANALYZER_NONNULL = YES;
				CLANG_CXX_LANGUAGE_STANDARD = "gnu++0x";
				CLANG_CXX_LIBRARY = "libc++";
				CLANG_ENABLE_MODULES = YES;
				CLANG_ENABLE_OBJC_ARC = YES;
				CLANG_WARN_BOOL_CONVERSION = YES;
				CLANG_WARN_CONSTANT_CONVERSION = YES;
				CLANG_WARN_DIRECT_OBJC_ISA_USAGE = YES_ERROR;
				CLANG_WARN_EMPTY_BODY = YES;
				CLANG_WARN_ENUM_CONVERSION = YES;
				CLANG_WARN_INT_CONVERSION = YES;
				CLANG_WARN_OBJC_ROOT_CLASS = YES_ERROR;
				CLANG_WARN_UNREACHABLE_CODE = YES;
				CLANG_WARN__DUPLICATE_METHOD_MATCH = YES;
				"CODE_SIGN_IDENTITY[sdk=iphoneos*]" = "iPhone Developer";
				COPY_PHASE_STRIP = NO;
				DEBUG_INFORMATION_FORMAT = dwarf;
				ENABLE_STRICT_OBJC_MSGSEND = YES;
				ENABLE_TESTABILITY = YES;
				GCC_C_LANGUAGE_STANDARD = gnu99;
				GCC_DYNAMIC_NO_PIC = NO;
				GCC_NO_COMMON_BLOCKS = YES;
				GCC_OPTIMIZATION_LEVEL = 0;
				GCC_PREPROCESSOR_DEFINITIONS = (
					"DEBUG=1",
					"$(inherited)",
				);
				GCC_WARN_64_TO_32_BIT_CONVERSION = YES;
				GCC_WARN_ABOUT_RETURN_TYPE = YES_ERROR;
				GCC_WARN_UNDECLARED_SELECTOR = YES;
				GCC_WARN_UNINITIALIZED_AUTOS = YES_AGGRESSIVE;
				GCC_WARN_UNUSED_FUNCTION = YES;
				GCC_WARN_UNUSED_VARIABLE = YES;
				IPHONEOS_DEPLOYMENT_TARGET = 9.3;
				MTL_ENABLE_DEBUG_INFO = YES;
				ONLY_ACTIVE_ARCH = YES;
				SDKROOT = iphoneos;
				SWIFT_OPTIMIZATION_LEVEL = "-Onone";
			};
			name = Debug;
		};
		AEF9D3D81D78FFD300EF59B2 /* Release */ = {
			isa = XCBuildConfiguration;
			buildSettings = {
				ALWAYS_SEARCH_USER_PATHS = NO;
				CLANG_ANALYZER_NONNULL = YES;
				CLANG_CXX_LANGUAGE_STANDARD = "gnu++0x";
				CLANG_CXX_LIBRARY = "libc++";
				CLANG_ENABLE_MODULES = YES;
				CLANG_ENABLE_OBJC_ARC = YES;
				CLANG_WARN_BOOL_CONVERSION = YES;
				CLANG_WARN_CONSTANT_CONVERSION = YES;
				CLANG_WARN_DIRECT_OBJC_ISA_USAGE = YES_ERROR;
				CLANG_WARN_EMPTY_BODY = YES;
				CLANG_WARN_ENUM_CONVERSION = YES;
				CLANG_WARN_INT_CONVERSION = YES;
				CLANG_WARN_OBJC_ROOT_CLASS = YES_ERROR;
				CLANG_WARN_UNREACHABLE_CODE = YES;
				CLANG_WARN__DUPLICATE_METHOD_MATCH = YES;
				"CODE_SIGN_IDENTITY[sdk=iphoneos*]" = "iPhone Developer";
				COPY_PHASE_STRIP = NO;
				DEBUG_INFORMATION_FORMAT = "dwarf-with-dsym";
				ENABLE_NS_ASSERTIONS = NO;
				ENABLE_STRICT_OBJC_MSGSEND = YES;
				GCC_C_LANGUAGE_STANDARD = gnu99;
				GCC_NO_COMMON_BLOCKS = YES;
				GCC_WARN_64_TO_32_BIT_CONVERSION = YES;
				GCC_WARN_ABOUT_RETURN_TYPE = YES_ERROR;
				GCC_WARN_UNDECLARED_SELECTOR = YES;
				GCC_WARN_UNINITIALIZED_AUTOS = YES_AGGRESSIVE;
				GCC_WARN_UNUSED_FUNCTION = YES;
				GCC_WARN_UNUSED_VARIABLE = YES;
				IPHONEOS_DEPLOYMENT_TARGET = 9.3;
				MTL_ENABLE_DEBUG_INFO = NO;
				SDKROOT = iphoneos;
				VALIDATE_PRODUCT = YES;
			};
			name = Release;
		};
		AEF9D3DA1D78FFD300EF59B2 /* Debug */ = {
			isa = XCBuildConfiguration;
			buildSettings = {
				ASSETCATALOG_COMPILER_APPICON_NAME = AppIcon;
				INFOPLIST_FILE = SecondKadaiApp/Info.plist;
				LD_RUNPATH_SEARCH_PATHS = "$(inherited) @executable_path/Frameworks";
				PRODUCT_BUNDLE_IDENTIFIER = jp.techacademy.tooru.satodate.SecondKadaiApp;
				PRODUCT_NAME = "$(TARGET_NAME)";
			};
			name = Debug;
		};
		AEF9D3DB1D78FFD300EF59B2 /* Release */ = {
			isa = XCBuildConfiguration;
			buildSettings = {
				ASSETCATALOG_COMPILER_APPICON_NAME = AppIcon;
				INFOPLIST_FILE = SecondKadaiApp/Info.plist;
				LD_RUNPATH_SEARCH_PATHS = "$(inherited) @executable_path/Frameworks";
				PRODUCT_BUNDLE_IDENTIFIER = jp.techacademy.tooru.satodate.SecondKadaiApp;
				PRODUCT_NAME = "$(TARGET_NAME)";
			};
			name = Release;
		};
		AEF9D3DD1D78FFD300EF59B2 /* Debug */ = {
			isa = XCBuildConfiguration;
			buildSettings = {
				BUNDLE_LOADER = "$(TEST_HOST)";
				INFOPLIST_FILE = SecondKadaiAppTests/Info.plist;
				LD_RUNPATH_SEARCH_PATHS = "$(inherited) @executable_path/Frameworks @loader_path/Frameworks";
				PRODUCT_BUNDLE_IDENTIFIER = jp.techacademy.tooru.satodate.SecondKadaiAppTests;
				PRODUCT_NAME = "$(TARGET_NAME)";
				TEST_HOST = "$(BUILT_PRODUCTS_DIR)/SecondKadaiApp.app/SecondKadaiApp";
			};
			name = Debug;
		};
		AEF9D3DE1D78FFD300EF59B2 /* Release */ = {
			isa = XCBuildConfiguration;
			buildSettings = {
				BUNDLE_LOADER = "$(TEST_HOST)";
				INFOPLIST_FILE = SecondKadaiAppTests/Info.plist;
				LD_RUNPATH_SEARCH_PATHS = "$(inherited) @executable_path/Frameworks @loader_path/Frameworks";
				PRODUCT_BUNDLE_IDENTIFIER = jp.techacademy.tooru.satodate.SecondKadaiAppTests;
				PRODUCT_NAME = "$(TARGET_NAME)";
				TEST_HOST = "$(BUILT_PRODUCTS_DIR)/SecondKadaiApp.app/SecondKadaiApp";
			};
			name = Release;
		};
		AEF9D3E01D78FFD300EF59B2 /* Debug */ = {
			isa = XCBuildConfiguration;
			buildSettings = {
				INFOPLIST_FILE = SecondKadaiAppUITests/Info.plist;
				LD_RUNPATH_SEARCH_PATHS = "$(inherited) @executable_path/Frameworks @loader_path/Frameworks";
				PRODUCT_BUNDLE_IDENTIFIER = jp.techacademy.tooru.satodate.SecondKadaiAppUITests;
				PRODUCT_NAME = "$(TARGET_NAME)";
				TEST_TARGET_NAME = SecondKadaiApp;
			};
			name = Debug;
		};
		AEF9D3E11D78FFD300EF59B2 /* Release */ = {
			isa = XCBuildConfiguration;
			buildSettings = {
				INFOPLIST_FILE = SecondKadaiAppUITests/Info.plist;
				LD_RUNPATH_SEARCH_PATHS = "$(inherited) @executable_path/Frameworks @loader_path/Frameworks";
				PRODUCT_BUNDLE_IDENTIFIER = jp.techacademy.tooru.satodate.SecondKadaiAppUITests;
				PRODUCT_NAME = "$(TARGET_NAME)";
				TEST_TARGET_NAME = SecondKadaiApp;
			};
			name = Release;
		};
/* End XCBuildConfiguration section */

/* Begin XCConfigurationList section */
		AEF9D3AC1D78FFD300EF59B2 /* Build configuration list for PBXProject "SecondKadaiApp" */ = {
			isa = XCConfigurationList;
			buildConfigurations = (
				AEF9D3D71D78FFD300EF59B2 /* Debug */,
				AEF9D3D81D78FFD300EF59B2 /* Release */,
			);
			defaultConfigurationIsVisible = 0;
			defaultConfigurationName = Release;
		};
		AEF9D3D91D78FFD300EF59B2 /* Build configuration list for PBXNativeTarget "SecondKadaiApp" */ = {
			isa = XCConfigurationList;
			buildConfigurations = (
				AEF9D3DA1D78FFD300EF59B2 /* Debug */,
				AEF9D3DB1D78FFD300EF59B2 /* Release */,
			);
			defaultConfigurationIsVisible = 0;
		};
		AEF9D3DC1D78FFD300EF59B2 /* Build configuration list for PBXNativeTarget "SecondKadaiAppTests" */ = {
			isa = XCConfigurationList;
			buildConfigurations = (
				AEF9D3DD1D78FFD300EF59B2 /* Debug */,
				AEF9D3DE1D78FFD300EF59B2 /* Release */,
			);
			defaultConfigurationIsVisible = 0;
		};
		AEF9D3DF1D78FFD300EF59B2 /* Build configuration list for PBXNativeTarget "SecondKadaiAppUITests" */ = {
			isa = XCConfigurationList;
			buildConfigurations = (
				AEF9D3E01D78FFD300EF59B2 /* Debug */,
				AEF9D3E11D78FFD300EF59B2 /* Release */,
			);
			defaultConfigurationIsVisible = 0;
		};
/* End XCConfigurationList section */
	};
	rootObject = AEF9D3A91D78FFD300EF59B2 /* Project object */;
}
